
Microsoft Visual Studio Solution File, Format Version 12.00
# Visual Studio Version 17
VisualStudioVersion = 17.14.36121.58
MinimumVisualStudioVersion = 10.0.40219.1
Project("{FAE04EC0-301F-11D3-BF4B-00C04F79EFBC}") = "EJERCICIO 3", "EJERCICIO 3\EJERCICIO 3.csproj", "{FAD4BA1D-A83F-4FF7-81B8-6FC7DBB9F284}"
EndProject
Project("{FAE04EC0-301F-11D3-BF4B-00C04F79EFBC}") = "EJERCICIO 1", "EJERCICIO 1\EJERCICIO 1.csproj", "{366F208C-C8E0-4FFA-8CEF-886948D7EF32}"
EndProject
Project("{FAE04EC0-301F-11D3-BF4B-00C04F79EFBC}") = "EJERCICIO 2.0", "EJERCICIO 2.0\EJERCICIO 2.0.csproj", "{494710B9-A10D-4830-8EA5-54758C0B740C}"
EndProject
Project("{FAE04EC0-301F-11D3-BF4B-00C04F79EFBC}") = "EJERCICIO 4", "EJERCICIO 4\EJERCICIO 4.csproj", "{F549E0C9-7C4C-484C-A5E1-9E70DD37E23F}"
EndProject
Project("{FAE04EC0-301F-11D3-BF4B-00C04F79EFBC}") = "EJERCICIO 3.0", "EJERCICIO 3.0\EJERCICIO 3.0.csproj", "{08095F98-5C90-42C6-B0CC-7CE7360CE270}"
EndProject
Project("{FAE04EC0-301F-11D3-BF4B-00C04F79EFBC}") = "EJERCICIO 5", "EJERCICIO 5\EJERCICIO 5.csproj", "{32AA69EC-3395-4763-ABEE-BE0ACD106FFE}"
EndProject
Project("{FAE04EC0-301F-11D3-BF4B-00C04F79EFBC}") = "EJERCICIO 6", "EJERCICIO 6\EJERCICIO 6.csproj", "{B314D234-94EA-413B-A9FE-FA52B59D7B3C}"
EndProject
Project("{FAE04EC0-301F-11D3-BF4B-00C04F79EFBC}") = "EJERCICIO 7", "EJERCICIO 7\EJERCICIO 7.csproj", "{BA404F08-545A-486F-BE3A-DCD97AE0B6A7}"
EndProject
Project("{FAE04EC0-301F-11D3-BF4B-00C04F79EFBC}") = "EJERCICIO 8", "EJERCICIO 8\EJERCICIO 8.csproj", "{C5328B74-549E-4A11-9A72-B38DD36A3E66}"
EndProject
Project("{FAE04EC0-301F-11D3-BF4B-00C04F79EFBC}") = "EJERCICIO 9", "EJERCICIO 9\EJERCICIO 9.csproj", "{A8051C25-41EB-4414-991B-321F055B1ADA}"
EndProject
Global
	GlobalSection(SolutionConfigurationPlatforms) = preSolution
		Debug|Any CPU = Debug|Any CPU
		Release|Any CPU = Release|Any CPU
	EndGlobalSection
	GlobalSection(ProjectConfigurationPlatforms) = postSolution
		{FAD4BA1D-A83F-4FF7-81B8-6FC7DBB9F284}.Debug|Any CPU.ActiveCfg = Debug|Any CPU
		{FAD4BA1D-A83F-4FF7-81B8-6FC7DBB9F284}.Debug|Any CPU.Build.0 = Debug|Any CPU
		{FAD4BA1D-A83F-4FF7-81B8-6FC7DBB9F284}.Release|Any CPU.ActiveCfg = Release|Any CPU
		{FAD4BA1D-A83F-4FF7-81B8-6FC7DBB9F284}.Release|Any CPU.Build.0 = Release|Any CPU
		{366F208C-C8E0-4FFA-8CEF-886948D7EF32}.Debug|Any CPU.ActiveCfg = Debug|Any CPU
		{366F208C-C8E0-4FFA-8CEF-886948D7EF32}.Debug|Any CPU.Build.0 = Debug|Any CPU
		{366F208C-C8E0-4FFA-8CEF-886948D7EF32}.Release|Any CPU.ActiveCfg = Release|Any CPU
		{366F208C-C8E0-4FFA-8CEF-886948D7EF32}.Release|Any CPU.Build.0 = Release|Any CPU
		{494710B9-A10D-4830-8EA5-54758C0B740C}.Debug|Any CPU.ActiveCfg = Debug|Any CPU
		{494710B9-A10D-4830-8EA5-54758C0B740C}.Debug|Any CPU.Build.0 = Debug|Any CPU
		{494710B9-A10D-4830-8EA5-54758C0B740C}.Release|Any CPU.ActiveCfg = Release|Any CPU
		{494710B9-A10D-4830-8EA5-54758C0B740C}.Release|Any CPU.Build.0 = Release|Any CPU
		{F549E0C9-7C4C-484C-A5E1-9E70DD37E23F}.Debug|Any CPU.ActiveCfg = Debug|Any CPU
		{F549E0C9-7C4C-484C-A5E1-9E70DD37E23F}.Debug|Any CPU.Build.0 = Debug|Any CPU
		{F549E0C9-7C4C-484C-A5E1-9E70DD37E23F}.Release|Any CPU.ActiveCfg = Release|Any CPU
		{F549E0C9-7C4C-484C-A5E1-9E70DD37E23F}.Release|Any CPU.Build.0 = Release|Any CPU
		{08095F98-5C90-42C6-B0CC-7CE7360CE270}.Debug|Any CPU.ActiveCfg = Debug|Any CPU
		{08095F98-5C90-42C6-B0CC-7CE7360CE270}.Debug|Any CPU.Build.0 = Debug|Any CPU
		{08095F98-5C90-42C6-B0CC-7CE7360CE270}.Release|Any CPU.ActiveCfg = Release|Any CPU
		{08095F98-5C90-42C6-B0CC-7CE7360CE270}.Release|Any CPU.Build.0 = Release|Any CPU
		{32AA69EC-3395-4763-ABEE-BE0ACD106FFE}.Debug|Any CPU.ActiveCfg = Debug|Any CPU
		{32AA69EC-3395-4763-ABEE-BE0ACD106FFE}.Debug|Any CPU.Build.0 = Debug|Any CPU
		{32AA69EC-3395-4763-ABEE-BE0ACD106FFE}.Release|Any CPU.ActiveCfg = Release|Any CPU
		{32AA69EC-3395-4763-ABEE-BE0ACD106FFE}.Release|Any CPU.Build.0 = Release|Any CPU
		{B314D234-94EA-413B-A9FE-FA52B59D7B3C}.Debug|Any CPU.ActiveCfg = Debug|Any CPU
		{B314D234-94EA-413B-A9FE-FA52B59D7B3C}.Debug|Any CPU.Build.0 = Debug|Any CPU
		{B314D234-94EA-413B-A9FE-FA52B59D7B3C}.Release|Any CPU.ActiveCfg = Release|Any CPU
		{B314D234-94EA-413B-A9FE-FA52B59D7B3C}.Release|Any CPU.Build.0 = Release|Any CPU
		{BA404F08-545A-486F-BE3A-DCD97AE0B6A7}.Debug|Any CPU.ActiveCfg = Debug|Any CPU
		{BA404F08-545A-486F-BE3A-DCD97AE0B6A7}.Debug|Any CPU.Build.0 = Debug|Any CPU
		{BA404F08-545A-486F-BE3A-DCD97AE0B6A7}.Release|Any CPU.ActiveCfg = Release|Any CPU
		{BA404F08-545A-486F-BE3A-DCD97AE0B6A7}.Release|Any CPU.Build.0 = Release|Any CPU
		{C5328B74-549E-4A11-9A72-B38DD36A3E66}.Debug|Any CPU.ActiveCfg = Debug|Any CPU
		{C5328B74-549E-4A11-9A72-B38DD36A3E66}.Debug|Any CPU.Build.0 = Debug|Any CPU
		{C5328B74-549E-4A11-9A72-B38DD36A3E66}.Release|Any CPU.ActiveCfg = Release|Any CPU
		{C5328B74-549E-4A11-9A72-B38DD36A3E66}.Release|Any CPU.Build.0 = Release|Any CPU
		{A8051C25-41EB-4414-991B-321F055B1ADA}.Debug|Any CPU.ActiveCfg = Debug|Any CPU
		{A8051C25-41EB-4414-991B-321F055B1ADA}.Debug|Any CPU.Build.0 = Debug|Any CPU
		{A8051C25-41EB-4414-991B-321F055B1ADA}.Release|Any CPU.ActiveCfg = Release|Any CPU
		{A8051C25-41EB-4414-991B-321F055B1ADA}.Release|Any CPU.Build.0 = Release|Any CPU
	EndGlobalSection
	GlobalSection(SolutionProperties) = preSolution
		HideSolutionNode = FALSE
	EndGlobalSection
	GlobalSection(ExtensibilityGlobals) = postSolution
		SolutionGuid = {5AD49987-A0E9-45AE-879B-94579D7B697E}
	EndGlobalSection
EndGlobal
